
Microsoft Visual Studio Solution File, Format Version 12.00
# Visual Studio Version 17
VisualStudioVersion = 17.6.33723.286
MinimumVisualStudioVersion = 10.0.40219.1
Project("{9A19103F-16F7-4668-BE54-9A1E7A4F7556}") = "LaserPathEngraver.UI.Win", "UI.Win\LaserPathEngraver.UI.Win.csproj", "{BC595A01-B151-4C49-BD24-21F786B1A61D}"
EndProject
Project("{2150E333-8FDC-42A3-9474-1A3956D46DE8}") = "Solution Items", "Solution Items", "{1DEF68C8-B9FF-4EFF-94E5-CC6296518DE7}"
	ProjectSection(SolutionItems) = preProject
		.editorconfig = .editorconfig
	EndProjectSection
EndProject
Project("{9A19103F-16F7-4668-BE54-9A1E7A4F7556}") = "LaserPathEngraver.Core", "LaserEngraver.Core\LaserPathEngraver.Core.csproj", "{3288B3EF-7AEE-483B-9653-86EFDC478D3E}"
EndProject
Global
	GlobalSection(SolutionConfigurationPlatforms) = preSolution
		Debug|Any CPU = Debug|Any CPU
		Release|Any CPU = Release|Any CPU
	EndGlobalSection
	GlobalSection(ProjectConfigurationPlatforms) = postSolution
		{BC595A01-B151-4C49-BD24-21F786B1A61D}.Debug|Any CPU.ActiveCfg = Debug|Any CPU
		{BC595A01-B151-4C49-BD24-21F786B1A61D}.Debug|Any CPU.Build.0 = Debug|Any CPU
		{BC595A01-B151-4C49-BD24-21F786B1A61D}.Release|Any CPU.ActiveCfg = Release|Any CPU
		{BC595A01-B151-4C49-BD24-21F786B1A61D}.Release|Any CPU.Build.0 = Release|Any CPU
		{3288B3EF-7AEE-483B-9653-86EFDC478D3E}.Debug|Any CPU.ActiveCfg = Debug|Any CPU
		{3288B3EF-7AEE-483B-9653-86EFDC478D3E}.Debug|Any CPU.Build.0 = Debug|Any CPU
		{3288B3EF-7AEE-483B-9653-86EFDC478D3E}.Release|Any CPU.ActiveCfg = Release|Any CPU
		{3288B3EF-7AEE-483B-9653-86EFDC478D3E}.Release|Any CPU.Build.0 = Release|Any CPU
	EndGlobalSection
	GlobalSection(SolutionProperties) = preSolution
		HideSolutionNode = FALSE
	EndGlobalSection
	GlobalSection(ExtensibilityGlobals) = postSolution
		SolutionGuid = {0C99C6E9-73FC-41D9-8A6A-BCF567710962}
	EndGlobalSection
EndGlobal
